// !$*UTF8*$!
{
	archiveVersion = 1;
	classes = {
	};
	objectVersion = 50;
	objects = {

/* Begin PBXBuildFile section */
		AAD9216C24EDD86D00CD6746 /* AppDelegate.swift in Sources */ = {isa = PBXBuildFile; fileRef = AAD9216B24EDD86D00CD6746 /* AppDelegate.swift */; };
		AAD9216E24EDD86D00CD6746 /* SceneDelegate.swift in Sources */ = {isa = PBXBuildFile; fileRef = AAD9216D24EDD86D00CD6746 /* SceneDelegate.swift */; };
		AAD9217024EDD86D00CD6746 /* ViewController.swift in Sources */ = {isa = PBXBuildFile; fileRef = AAD9216F24EDD86D00CD6746 /* ViewController.swift */; };
		AAD9217324EDD86D00CD6746 /* Main.storyboard in Resources */ = {isa = PBXBuildFile; fileRef = AAD9217124EDD86D00CD6746 /* Main.storyboard */; };
		AAD9217524EDD87000CD6746 /* Assets.xcassets in Resources */ = {isa = PBXBuildFile; fileRef = AAD9217424EDD87000CD6746 /* Assets.xcassets */; };
		AAD9217824EDD87000CD6746 /* LaunchScreen.storyboard in Resources */ = {isa = PBXBuildFile; fileRef = AAD9217624EDD87000CD6746 /* LaunchScreen.storyboard */; };
/* End PBXBuildFile section */

/* Begin PBXFileReference section */
		AAD9216824EDD86D00CD6746 /* VideoCompare.app */ = {isa = PBXFileReference; explicitFileType = wrapper.application; includeInIndex = 0; path = VideoCompare.app; sourceTree = BUILT_PRODUCTS_DIR; };
		AAD9216B24EDD86D00CD6746 /* AppDelegate.swift */ = {isa = PBXFileReference; lastKnownFileType = sourcecode.swift; path = AppDelegate.swift; sourceTree = "<group>"; };
		AAD9216D24EDD86D00CD6746 /* SceneDelegate.swift */ = {isa = PBXFileReference; lastKnownFileType = sourcecode.swift; path = SceneDelegate.swift; sourceTree = "<group>"; };
		AAD9216F24EDD86D00CD6746 /* ViewController.swift */ = {isa = PBXFileReference; lastKnownFileType = sourcecode.swift; path = ViewController.swift; sourceTree = "<group>"; };
		AAD9217224EDD86D00CD6746 /* Base */ = {isa = PBXFileReference; lastKnownFileType = file.storyboard; name = Base; path = Base.lproj/Main.storyboard; sourceTree = "<group>"; };
		AAD9217424EDD87000CD6746 /* Assets.xcassets */ = {isa = PBXFileReference; lastKnownFileType = folder.assetcatalog; path = Assets.xcassets; sourceTree = "<group>"; };
		AAD9217724EDD87000CD6746 /* Base */ = {isa = PBXFileReference; lastKnownFileType = file.storyboard; name = Base; path = Base.lproj/LaunchScreen.storyboard; sourceTree = "<group>"; };
		AAD9217924EDD87000CD6746 /* Info.plist */ = {isa = PBXFileReference; lastKnownFileType = text.plist.xml; path = Info.plist; sourceTree = "<group>"; };
/* End PBXFileReference section */

/* Begin PBXFrameworksBuildPhase section */
		AAD9216524EDD86D00CD6746 /* Frameworks */ = {
			isa = PBXFrameworksBuildPhase;
			buildActionMask = 2147483647;
			files = (
			);
			runOnlyForDeploymentPostprocessing = 0;
		};
/* End PBXFrameworksBuildPhase section */

/* Begin PBXGroup section */
		AAD9215F24EDD86D00CD6746 = {
			isa = PBXGroup;
			children = (
				AAD9216A24EDD86D00CD6746 /* VideoCompare */,
				AAD9216924EDD86D00CD6746 /* Products */,
			);
			sourceTree = "<group>";
		};
		AAD9216924EDD86D00CD6746 /* Products */ = {
			isa = PBXGroup;
			children = (
				AAD9216824EDD86D00CD6746 /* VideoCompare.app */,
			);
			name = Products;
			sourceTree = "<group>";
		};
		AAD9216A24EDD86D00CD6746 /* VideoCompare */ = {
			isa = PBXGroup;
			children = (
				AAD9216B24EDD86D00CD6746 /* AppDelegate.swift */,
				AAD9216D24EDD86D00CD6746 /* SceneDelegate.swift */,
				AAD9216F24EDD86D00CD6746 /* ViewController.swift */,
				AAD9217124EDD86D00CD6746 /* Main.storyboard */,
				AAD9217424EDD87000CD6746 /* Assets.xcassets */,
				AAD9217624EDD87000CD6746 /* LaunchScreen.storyboard */,
				AAD9217924EDD87000CD6746 /* Info.plist */,
			);
			path = VideoCompare;
			sourceTree = "<group>";
		};
/* End PBXGroup section */

/* Begin PBXNativeTarget section */
		AAD9216724EDD86D00CD6746 /* VideoCompare */ = {
			isa = PBXNativeTarget;
			buildConfigurationList = AAD9217C24EDD87000CD6746 /* Build configuration list for PBXNativeTarget "VideoCompare" */;
			buildPhases = (
				AAD9216424EDD86D00CD6746 /* Sources */,
				AAD9216524EDD86D00CD6746 /* Frameworks */,
				AAD9216624EDD86D00CD6746 /* Resources */,
			);
			buildRules = (
			);
			dependencies = (
			);
			name = VideoCompare;
			productName = VideoCompare;
			productReference = AAD9216824EDD86D00CD6746 /* VideoCompare.app */;
			productType = "com.apple.product-type.application";
		};
/* End PBXNativeTarget section */

/* Begin PBXProject section */
		AAD9216024EDD86D00CD6746 /* Project object */ = {
			isa = PBXProject;
			attributes = {
				LastSwiftUpdateCheck = 1160;
				LastUpgradeCheck = 1160;
				ORGANIZATIONNAME = "Stepan Pazderka";
				TargetAttributes = {
					AAD9216724EDD86D00CD6746 = {
						CreatedOnToolsVersion = 11.6;
					};
				};
			};
			buildConfigurationList = AAD9216324EDD86D00CD6746 /* Build configuration list for PBXProject "VideoCompare" */;
			compatibilityVersion = "Xcode 9.3";
			developmentRegion = en;
			hasScannedForEncodings = 0;
			knownRegions = (
				en,
				Base,
			);
			mainGroup = AAD9215F24EDD86D00CD6746;
			productRefGroup = AAD9216924EDD86D00CD6746 /* Products */;
			projectDirPath = "";
			projectRoot = "";
			targets = (
				AAD9216724EDD86D00CD6746 /* VideoCompare */,
			);
		};
/* End PBXProject section */

/* Begin PBXResourcesBuildPhase section */
		AAD9216624EDD86D00CD6746 /* Resources */ = {
			isa = PBXResourcesBuildPhase;
			buildActionMask = 2147483647;
			files = (
				AAD9217824EDD87000CD6746 /* LaunchScreen.storyboard in Resources */,
				AAD9217524EDD87000CD6746 /* Assets.xcassets in Resources */,
				AAD9217324EDD86D00CD6746 /* Main.storyboard in Resources */,
			);
			runOnlyForDeploymentPostprocessing = 0;
		};
/* End PBXResourcesBuildPhase section */

/* Begin PBXSourcesBuildPhase section */
		AAD9216424EDD86D00CD6746 /* Sources */ = {
			isa = PBXSourcesBuildPhase;
			buildActionMask = 2147483647;
			files = (
				AAD9217024EDD86D00CD6746 /* ViewController.swift in Sources */,
				AAD9216C24EDD86D00CD6746 /* AppDelegate.swift in Sources */,
				AAD9216E24EDD86D00CD6746 /* SceneDelegate.swift in Sources */,
			);
			runOnlyForDeploymentPostprocessing = 0;
		};
/* End PBXSourcesBuildPhase section */

/* Begin PBXVariantGroup section */
		AAD9217124EDD86D00CD6746 /* Main.storyboard */ = {
			isa = PBXVariantGroup;
			children = (
				AAD9217224EDD86D00CD6746 /* Base */,
			);
			name = Main.storyboard;
			sourceTree = "<group>";
		};
		AAD9217624EDD87000CD6746 /* LaunchScreen.storyboard */ = {
			isa = PBXVariantGroup;
			children = (
				AAD9217724EDD87000CD6746 /* Base */,
			);
			name = LaunchScreen.storyboard;
			sourceTree = "<group>";
		};
/* End PBXVariantGroup section */

/* Begin XCBuildConfiguration section */
		AAD9217A24EDD87000CD6746 /* Debug */ = {
			isa = XCBuildConfiguration;
			buildSettings = {
				ALWAYS_SEARCH_USER_PATHS = NO;
				CLANG_ANALYZER_NONNULL = YES;
				CLANG_ANALYZER_NUMBER_OBJECT_CONVERSION = YES_AGGRESSIVE;
				CLANG_CXX_LANGUAGE_STANDARD = "gnu++14";
				CLANG_CXX_LIBRARY = "libc++";
				CLANG_ENABLE_MODULES = YES;
				CLANG_ENABLE_OBJC_ARC = YES;
				CLANG_ENABLE_OBJC_WEAK = YES;
				CLANG_WARN_BLOCK_CAPTURE_AUTORELEASING = YES;
				CLANG_WARN_BOOL_CONVERSION = YES;
				CLANG_WARN_COMMA = YES;
				CLANG_WARN_CONSTANT_CONVERSION = YES;
				CLANG_WARN_DEPRECATED_OBJC_IMPLEMENTATIONS = YES;
				CLANG_WARN_DIRECT_OBJC_ISA_USAGE = YES_ERROR;
				CLANG_WARN_DOCUMENTATION_COMMENTS = YES;
				CLANG_WARN_EMPTY_BODY = YES;
				CLANG_WARN_ENUM_CONVERSION = YES;
				CLANG_WARN_INFINITE_RECURSION = YES;
				CLANG_WARN_INT_CONVERSION = YES;
				CLANG_WARN_NON_LITERAL_NULL_CONVERSION = YES;
				CLANG_WARN_OBJC_IMPLICIT_RETAIN_SELF = YES;
				CLANG_WARN_OBJC_LITERAL_CONVERSION = YES;
				CLANG_WARN_OBJC_ROOT_CLASS = YES_ERROR;
				CLANG_WARN_RANGE_LOOP_ANALYSIS = YES;
				CLANG_WARN_STRICT_PROTOTYPES = YES;
				CLANG_WARN_SUSPICIOUS_MOVE = YES;
				CLANG_WARN_UNGUARDED_AVAILABILITY = YES_AGGRESSIVE;
				CLANG_WARN_UNREACHABLE_CODE = YES;
				CLANG_WARN__DUPLICATE_METHOD_MATCH = YES;
				COPY_PHASE_STRIP = NO;
				DEBUG_INFORMATION_FORMAT = dwarf;
				ENABLE_STRICT_OBJC_MSGSEND = YES;
				ENABLE_TESTABILITY = YES;
				GCC_C_LANGUAGE_STANDARD = gnu11;
				GCC_DYNAMIC_NO_PIC = NO;
				GCC_NO_COMMON_BLOCKS = YES;
				GCC_OPTIMIZATION_LEVEL = 0;
				GCC_PREPROCESSOR_DEFINITIONS = (
					"DEBUG=1",
					"$(inherited)",
				);
				GCC_WARN_64_TO_32_BIT_CONVERSION = YES;
				GCC_WARN_ABOUT_RETURN_TYPE = YES_ERROR;
				GCC_WARN_UNDECLARED_SELECTOR = YES;
				GCC_WARN_UNINITIALIZED_AUTOS = YES_AGGRESSIVE;
				GCC_WARN_UNUSED_FUNCTION = YES;
				GCC_WARN_UNUSED_VARIABLE = YES;
				IPHONEOS_DEPLOYMENT_TARGET = 13.6;
				MTL_ENABLE_DEBUG_INFO = INCLUDE_SOURCE;
				MTL_FAST_MATH = YES;
				ONLY_ACTIVE_ARCH = YES;
				SDKROOT = iphoneos;
				SWIFT_ACTIVE_COMPILATION_CONDITIONS = DEBUG;
				SWIFT_OPTIMIZATION_LEVEL = "-Onone";
			};
			name = Debug;
		};
		AAD9217B24EDD87000CD6746 /* Release */ = {
			isa = XCBuildConfiguration;
			buildSettings = {
				ALWAYS_SEARCH_USER_PATHS = NO;
				CLANG_ANALYZER_NONNULL = YES;
				CLANG_ANALYZER_NUMBER_OBJECT_CONVERSION = YES_AGGRESSIVE;
				CLANG_CXX_LANGUAGE_STANDARD = "gnu++14";
				CLANG_CXX_LIBRARY = "libc++";
				CLANG_ENABLE_MODULES = YES;
				CLANG_ENABLE_OBJC_ARC = YES;
				CLANG_ENABLE_OBJC_WEAK = YES;
				CLANG_WARN_BLOCK_CAPTURE_AUTORELEASING = YES;
				CLANG_WARN_BOOL_CONVERSION = YES;
				CLANG_WARN_COMMA = YES;
				CLANG_WARN_CONSTANT_CONVERSION = YES;
				CLANG_WARN_DEPRECATED_OBJC_IMPLEMENTATIONS = YES;
				CLANG_WARN_DIRECT_OBJC_ISA_USAGE = YES_ERROR;
				CLANG_WARN_DOCUMENTATION_COMMENTS = YES;
				CLANG_WARN_EMPTY_BODY = YES;
				CLANG_WARN_ENUM_CONVERSION = YES;
				CLANG_WARN_INFINITE_RECURSION = YES;
				CLANG_WARN_INT_CONVERSION = YES;
				CLANG_WARN_NON_LITERAL_NULL_CONVERSION = YES;
				CLANG_WARN_OBJC_IMPLICIT_RETAIN_SELF = YES;
				CLANG_WARN_OBJC_LITERAL_CONVERSION = YES;
				CLANG_WARN_OBJC_ROOT_CLASS = YES_ERROR;
				CLANG_WARN_RANGE_LOOP_ANALYSIS = YES;
				CLANG_WARN_STRICT_PROTOTYPES = YES;
				CLANG_WARN_SUSPICIOUS_MOVE = YES;
				CLANG_WARN_UNGUARDED_AVAILABILITY = YES_AGGRESSIVE;
				CLANG_WARN_UNREACHABLE_CODE = YES;
				CLANG_WARN__DUPLICATE_METHOD_MATCH = YES;
				COPY_PHASE_STRIP = NO;
				DEBUG_INFORMATION_FORMAT = "dwarf-with-dsym";
				ENABLE_NS_ASSERTIONS = NO;
				ENABLE_STRICT_OBJC_MSGSEND = YES;
				GCC_C_LANGUAGE_STANDARD = gnu11;
				GCC_NO_COMMON_BLOCKS = YES;
				GCC_WARN_64_TO_32_BIT_CONVERSION = YES;
				GCC_WARN_ABOUT_RETURN_TYPE = YES_ERROR;
				GCC_WARN_UNDECLARED_SELECTOR = YES;
				GCC_WARN_UNINITIALIZED_AUTOS = YES_AGGRESSIVE;
				GCC_WARN_UNUSED_FUNCTION = YES;
				GCC_WARN_UNUSED_VARIABLE = YES;
				IPHONEOS_DEPLOYMENT_TARGET = 13.6;
				MTL_ENABLE_DEBUG_INFO = NO;
				MTL_FAST_MATH = YES;
				SDKROOT = iphoneos;
				SWIFT_COMPILATION_MODE = wholemodule;
				SWIFT_OPTIMIZATION_LEVEL = "-O";
				VALIDATE_PRODUCT = YES;
			};
			name = Release;
		};
		AAD9217D24EDD87000CD6746 /* Debug */ = {
			isa = XCBuildConfiguration;
			buildSettings = {
				ASSETCATALOG_COMPILER_APPICON_NAME = AppIcon;
				CODE_SIGN_STYLE = Automatic;
				DEVELOPMENT_TEAM = 3HV23S92WL;
				INFOPLIST_FILE = VideoCompare/Info.plist;
				LD_RUNPATH_SEARCH_PATHS = (
					"$(inherited)",
					"@executable_path/Frameworks",
				);
				PRODUCT_BUNDLE_IDENTIFIER = com.pazderka.VideoCompare;
				PRODUCT_NAME = "$(TARGET_NAME)";
				SWIFT_VERSION = 5.0;
				TARGETED_DEVICE_FAMILY = "1,2";
			};
			name = Debug;
		};
		AAD9217E24EDD87000CD6746 /* Release */ = {
			isa = XCBuildConfiguration;
			buildSettings = {
				ASSETCATALOG_COMPILER_APPICON_NAME = AppIcon;
				CODE_SIGN_STYLE = Automatic;
				DEVELOPMENT_TEAM = 3HV23S92WL;
				INFOPLIST_FILE = VideoCompare/Info.plist;
				LD_RUNPATH_SEARCH_PATHS = (
					"$(inherited)",
					"@executable_path/Frameworks",
				);
				PRODUCT_BUNDLE_IDENTIFIER = com.pazderka.VideoCompare;
				PRODUCT_NAME = "$(TARGET_NAME)";
				SWIFT_VERSION = 5.0;
				TARGETED_DEVICE_FAMILY = "1,2";
			};
			name = Release;
		};
/* End XCBuildConfiguration section */

/* Begin XCConfigurationList section */
		AAD9216324EDD86D00CD6746 /* Build configuration list for PBXProject "VideoCompare" */ = {
			isa = XCConfigurationList;
			buildConfigurations = (
				AAD9217A24EDD87000CD6746 /* Debug */,
				AAD9217B24EDD87000CD6746 /* Release */,
			);
			defaultConfigurationIsVisible = 0;
			defaultConfigurationName = Release;
		};
		AAD9217C24EDD87000CD6746 /* Build configuration list for PBXNativeTarget "VideoCompare" */ = {
			isa = XCConfigurationList;
			buildConfigurations = (
				AAD9217D24EDD87000CD6746 /* Debug */,
				AAD9217E24EDD87000CD6746 /* Release */,
			);
			defaultConfigurationIsVisible = 0;
			defaultConfigurationName = Release;
		};
/* End XCConfigurationList section */
	};
	rootObject = AAD9216024EDD86D00CD6746 /* Project object */;
}
